
Microsoft Visual Studio Solution File, Format Version 12.00
# Visual Studio Version 17
VisualStudioVersion = 17.0.31919.166
MinimumVisualStudioVersion = 10.0.40219.1
Project("{9A19103F-16F7-4668-BE54-9A1E7A4F7556}") = "Peer", "Peer\Peer.csproj", "{444140F1-DDEF-46D8-895B-7C21DEC0E946}"
EndProject
Project("{9A19103F-16F7-4668-BE54-9A1E7A4F7556}") = "Peer.Domain", "Peer.Domain\Peer.Domain.csproj", "{ED2D02D6-541B-4D7D-863B-C9E624D9D652}"
EndProject
Project("{9A19103F-16F7-4668-BE54-9A1E7A4F7556}") = "Peer.UnitTests", "Peer.UnitTests\Peer.UnitTests.csproj", "{0247FB40-D417-4D35-9507-E1541D51522B}"
EndProject
Project("{9A19103F-16F7-4668-BE54-9A1E7A4F7556}") = "Peer.GitHub", "Peer.GitHub\Peer.GitHub.csproj", "{1CF091CD-AC11-405F-92D5-CA153CAC4658}"
EndProject
Project("{9A19103F-16F7-4668-BE54-9A1E7A4F7556}") = "Peer.Utils", "Peer.Utils\Peer.Utils.csproj", "{A6919FD7-65B9-48E2-BF29-C6942A0DDA3A}"
EndProject
Project("{2150E333-8FDC-42A3-9474-1A3956D46DE8}") = "Solution Items", "Solution Items", "{BA392E24-C55A-47E2-83E7-AA4087D458C4}"
	ProjectSection(SolutionItems) = preProject
		.editorconfig = .editorconfig
	EndProjectSection
EndProject
Project("{9A19103F-16F7-4668-BE54-9A1E7A4F7556}") = "Peer.Daemon.Windows", "Daemon\Peer.Daemon.Windows\Peer.Daemon.Windows.csproj", "{DB618981-AFE1-4D09-B77A-38AF016F771F}"
EndProject
Project("{9A19103F-16F7-4668-BE54-9A1E7A4F7556}") = "Peer.Daemon.Linux", "Daemon\Peer.Daemon.Linux\Peer.Daemon.Linux.csproj", "{93E57E8B-D1F8-42CA-8F12-F8A1D7A3517D}"
EndProject
Project("{9A19103F-16F7-4668-BE54-9A1E7A4F7556}") = "Geas", "Geas\Geas.csproj", "{7192E310-4B50-4E14-9EDC-D8D7E3962841}"
EndProject
Project("{2150E333-8FDC-42A3-9474-1A3956D46DE8}") = "Server", "Server", "{CBEEB143-52E8-4270-B4AD-74D5EFFFBF59}"
EndProject
Project("{2150E333-8FDC-42A3-9474-1A3956D46DE8}") = "Daemon", "Daemon", "{A4028D8C-A3E4-4C53-9ECB-32B45DB17AB8}"
EndProject
Project("{9A19103F-16F7-4668-BE54-9A1E7A4F7556}") = "Peer.Server", "Server\Peer.Server\Peer.Server.csproj", "{6E9324E8-AD03-4F1B-8F1E-308B0E209A48}"
EndProject
Project("{9A19103F-16F7-4668-BE54-9A1E7A4F7556}") = "Peer.Grpc", "Server\Peer.Grpc\Peer.Grpc.csproj", "{776CEF4E-530A-49BC-A88C-473A192E3949}"
EndProject
Project("{9A19103F-16F7-4668-BE54-9A1E7A4F7556}") = "Peer.Server.Persistence", "Server\Peer.Server.Persistence\Peer.Server.Persistence.csproj", "{04622613-ACDD-41B5-A4F2-0075157E72B3}"
EndProject
Global
	GlobalSection(SolutionConfigurationPlatforms) = preSolution
		Debug|Any CPU = Debug|Any CPU
		Release|Any CPU = Release|Any CPU
		Tool|Any CPU = Tool|Any CPU
	EndGlobalSection
	GlobalSection(ProjectConfigurationPlatforms) = postSolution
		{444140F1-DDEF-46D8-895B-7C21DEC0E946}.Debug|Any CPU.ActiveCfg = Debug|Any CPU
		{444140F1-DDEF-46D8-895B-7C21DEC0E946}.Debug|Any CPU.Build.0 = Debug|Any CPU
		{444140F1-DDEF-46D8-895B-7C21DEC0E946}.Release|Any CPU.ActiveCfg = Release|Any CPU
		{444140F1-DDEF-46D8-895B-7C21DEC0E946}.Release|Any CPU.Build.0 = Release|Any CPU
		{444140F1-DDEF-46D8-895B-7C21DEC0E946}.Tool|Any CPU.ActiveCfg = Tool|Any CPU
		{444140F1-DDEF-46D8-895B-7C21DEC0E946}.Tool|Any CPU.Build.0 = Tool|Any CPU
		{ED2D02D6-541B-4D7D-863B-C9E624D9D652}.Debug|Any CPU.ActiveCfg = Debug|Any CPU
		{ED2D02D6-541B-4D7D-863B-C9E624D9D652}.Debug|Any CPU.Build.0 = Debug|Any CPU
		{ED2D02D6-541B-4D7D-863B-C9E624D9D652}.Release|Any CPU.ActiveCfg = Release|Any CPU
		{ED2D02D6-541B-4D7D-863B-C9E624D9D652}.Release|Any CPU.Build.0 = Release|Any CPU
		{ED2D02D6-541B-4D7D-863B-C9E624D9D652}.Tool|Any CPU.ActiveCfg = Tool|Any CPU
		{ED2D02D6-541B-4D7D-863B-C9E624D9D652}.Tool|Any CPU.Build.0 = Tool|Any CPU
		{0247FB40-D417-4D35-9507-E1541D51522B}.Debug|Any CPU.ActiveCfg = Debug|Any CPU
		{0247FB40-D417-4D35-9507-E1541D51522B}.Debug|Any CPU.Build.0 = Debug|Any CPU
		{0247FB40-D417-4D35-9507-E1541D51522B}.Release|Any CPU.ActiveCfg = Release|Any CPU
		{0247FB40-D417-4D35-9507-E1541D51522B}.Release|Any CPU.Build.0 = Release|Any CPU
		{0247FB40-D417-4D35-9507-E1541D51522B}.Tool|Any CPU.ActiveCfg = Tool|Any CPU
		{0247FB40-D417-4D35-9507-E1541D51522B}.Tool|Any CPU.Build.0 = Tool|Any CPU
		{1CF091CD-AC11-405F-92D5-CA153CAC4658}.Debug|Any CPU.ActiveCfg = Debug|Any CPU
		{1CF091CD-AC11-405F-92D5-CA153CAC4658}.Debug|Any CPU.Build.0 = Debug|Any CPU
		{1CF091CD-AC11-405F-92D5-CA153CAC4658}.Release|Any CPU.ActiveCfg = Release|Any CPU
		{1CF091CD-AC11-405F-92D5-CA153CAC4658}.Release|Any CPU.Build.0 = Release|Any CPU
		{1CF091CD-AC11-405F-92D5-CA153CAC4658}.Tool|Any CPU.ActiveCfg = Tool|Any CPU
		{1CF091CD-AC11-405F-92D5-CA153CAC4658}.Tool|Any CPU.Build.0 = Tool|Any CPU
		{A6919FD7-65B9-48E2-BF29-C6942A0DDA3A}.Debug|Any CPU.ActiveCfg = Debug|Any CPU
		{A6919FD7-65B9-48E2-BF29-C6942A0DDA3A}.Debug|Any CPU.Build.0 = Debug|Any CPU
		{A6919FD7-65B9-48E2-BF29-C6942A0DDA3A}.Release|Any CPU.ActiveCfg = Release|Any CPU
		{A6919FD7-65B9-48E2-BF29-C6942A0DDA3A}.Release|Any CPU.Build.0 = Release|Any CPU
		{A6919FD7-65B9-48E2-BF29-C6942A0DDA3A}.Tool|Any CPU.ActiveCfg = Tool|Any CPU
		{A6919FD7-65B9-48E2-BF29-C6942A0DDA3A}.Tool|Any CPU.Build.0 = Tool|Any CPU
		{DB618981-AFE1-4D09-B77A-38AF016F771F}.Debug|Any CPU.ActiveCfg = Debug|Any CPU
		{DB618981-AFE1-4D09-B77A-38AF016F771F}.Debug|Any CPU.Build.0 = Debug|Any CPU
		{DB618981-AFE1-4D09-B77A-38AF016F771F}.Release|Any CPU.ActiveCfg = Release|Any CPU
		{DB618981-AFE1-4D09-B77A-38AF016F771F}.Release|Any CPU.Build.0 = Release|Any CPU
		{DB618981-AFE1-4D09-B77A-38AF016F771F}.Tool|Any CPU.ActiveCfg = Debug|Any CPU
		{DB618981-AFE1-4D09-B77A-38AF016F771F}.Tool|Any CPU.Build.0 = Debug|Any CPU
		{93E57E8B-D1F8-42CA-8F12-F8A1D7A3517D}.Debug|Any CPU.ActiveCfg = Debug|Any CPU
		{93E57E8B-D1F8-42CA-8F12-F8A1D7A3517D}.Debug|Any CPU.Build.0 = Debug|Any CPU
		{93E57E8B-D1F8-42CA-8F12-F8A1D7A3517D}.Release|Any CPU.ActiveCfg = Release|Any CPU
		{93E57E8B-D1F8-42CA-8F12-F8A1D7A3517D}.Release|Any CPU.Build.0 = Release|Any CPU
		{93E57E8B-D1F8-42CA-8F12-F8A1D7A3517D}.Tool|Any CPU.ActiveCfg = Debug|Any CPU
		{93E57E8B-D1F8-42CA-8F12-F8A1D7A3517D}.Tool|Any CPU.Build.0 = Debug|Any CPU
		{7192E310-4B50-4E14-9EDC-D8D7E3962841}.Debug|Any CPU.ActiveCfg = Debug|Any CPU
		{7192E310-4B50-4E14-9EDC-D8D7E3962841}.Debug|Any CPU.Build.0 = Debug|Any CPU
		{7192E310-4B50-4E14-9EDC-D8D7E3962841}.Release|Any CPU.ActiveCfg = Release|Any CPU
		{7192E310-4B50-4E14-9EDC-D8D7E3962841}.Release|Any CPU.Build.0 = Release|Any CPU
		{7192E310-4B50-4E14-9EDC-D8D7E3962841}.Tool|Any CPU.ActiveCfg = Debug|Any CPU
		{7192E310-4B50-4E14-9EDC-D8D7E3962841}.Tool|Any CPU.Build.0 = Debug|Any CPU
		{6E9324E8-AD03-4F1B-8F1E-308B0E209A48}.Debug|Any CPU.ActiveCfg = Debug|Any CPU
		{6E9324E8-AD03-4F1B-8F1E-308B0E209A48}.Debug|Any CPU.Build.0 = Debug|Any CPU
		{6E9324E8-AD03-4F1B-8F1E-308B0E209A48}.Release|Any CPU.ActiveCfg = Release|Any CPU
		{6E9324E8-AD03-4F1B-8F1E-308B0E209A48}.Release|Any CPU.Build.0 = Release|Any CPU
		{6E9324E8-AD03-4F1B-8F1E-308B0E209A48}.Tool|Any CPU.ActiveCfg = Debug|Any CPU
		{6E9324E8-AD03-4F1B-8F1E-308B0E209A48}.Tool|Any CPU.Build.0 = Debug|Any CPU
		{776CEF4E-530A-49BC-A88C-473A192E3949}.Debug|Any CPU.ActiveCfg = Debug|Any CPU
		{776CEF4E-530A-49BC-A88C-473A192E3949}.Debug|Any CPU.Build.0 = Debug|Any CPU
		{776CEF4E-530A-49BC-A88C-473A192E3949}.Release|Any CPU.ActiveCfg = Release|Any CPU
		{776CEF4E-530A-49BC-A88C-473A192E3949}.Release|Any CPU.Build.0 = Release|Any CPU
		{776CEF4E-530A-49BC-A88C-473A192E3949}.Tool|Any CPU.ActiveCfg = Debug|Any CPU
		{776CEF4E-530A-49BC-A88C-473A192E3949}.Tool|Any CPU.Build.0 = Debug|Any CPU
		{04622613-ACDD-41B5-A4F2-0075157E72B3}.Debug|Any CPU.ActiveCfg = Debug|Any CPU
		{04622613-ACDD-41B5-A4F2-0075157E72B3}.Debug|Any CPU.Build.0 = Debug|Any CPU
		{04622613-ACDD-41B5-A4F2-0075157E72B3}.Release|Any CPU.ActiveCfg = Release|Any CPU
		{04622613-ACDD-41B5-A4F2-0075157E72B3}.Release|Any CPU.Build.0 = Release|Any CPU
		{04622613-ACDD-41B5-A4F2-0075157E72B3}.Tool|Any CPU.ActiveCfg = Debug|Any CPU
		{04622613-ACDD-41B5-A4F2-0075157E72B3}.Tool|Any CPU.Build.0 = Debug|Any CPU
	EndGlobalSection
	GlobalSection(SolutionProperties) = preSolution
		HideSolutionNode = FALSE
	EndGlobalSection
	GlobalSection(NestedProjects) = preSolution
		{DB618981-AFE1-4D09-B77A-38AF016F771F} = {A4028D8C-A3E4-4C53-9ECB-32B45DB17AB8}
		{93E57E8B-D1F8-42CA-8F12-F8A1D7A3517D} = {A4028D8C-A3E4-4C53-9ECB-32B45DB17AB8}
		{6E9324E8-AD03-4F1B-8F1E-308B0E209A48} = {CBEEB143-52E8-4270-B4AD-74D5EFFFBF59}
		{776CEF4E-530A-49BC-A88C-473A192E3949} = {CBEEB143-52E8-4270-B4AD-74D5EFFFBF59}
		{04622613-ACDD-41B5-A4F2-0075157E72B3} = {CBEEB143-52E8-4270-B4AD-74D5EFFFBF59}
	EndGlobalSection
	GlobalSection(ExtensibilityGlobals) = postSolution
		SolutionGuid = {CCA67754-334B-4BC0-9477-BE16450CE154}
	EndGlobalSection
EndGlobal
