
Microsoft Visual Studio Solution File, Format Version 12.00
# Visual Studio Version 16
VisualStudioVersion = 16.0.31729.503
MinimumVisualStudioVersion = 10.0.40219.1
Project("{9A19103F-16F7-4668-BE54-9A1E7A4F7556}") = "Peer", "Peer\Peer.csproj", "{444140F1-DDEF-46D8-895B-7C21DEC0E946}"
EndProject
Project("{9A19103F-16F7-4668-BE54-9A1E7A4F7556}") = "Peer.Domain", "Peer.Domain\Peer.Domain.csproj", "{ED2D02D6-541B-4D7D-863B-C9E624D9D652}"
EndProject
Project("{9A19103F-16F7-4668-BE54-9A1E7A4F7556}") = "Peer.UnitTests", "Peer.UnitTests\Peer.UnitTests.csproj", "{0247FB40-D417-4D35-9507-E1541D51522B}"
EndProject
Project("{9A19103F-16F7-4668-BE54-9A1E7A4F7556}") = "Peer.GitHub", "Peer.GitHub\Peer.GitHub.csproj", "{1CF091CD-AC11-405F-92D5-CA153CAC4658}"
EndProject
Project("{9A19103F-16F7-4668-BE54-9A1E7A4F7556}") = "Peer.Utils", "Peer.Utils\Peer.Utils.csproj", "{A6919FD7-65B9-48E2-BF29-C6942A0DDA3A}"
EndProject
Global
	GlobalSection(SolutionConfigurationPlatforms) = preSolution
		Debug|Any CPU = Debug|Any CPU
		Release|Any CPU = Release|Any CPU
		Tool|Any CPU = Tool|Any CPU
	EndGlobalSection
	GlobalSection(ProjectConfigurationPlatforms) = postSolution
		{444140F1-DDEF-46D8-895B-7C21DEC0E946}.Debug|Any CPU.ActiveCfg = Debug|Any CPU
		{444140F1-DDEF-46D8-895B-7C21DEC0E946}.Debug|Any CPU.Build.0 = Debug|Any CPU
		{444140F1-DDEF-46D8-895B-7C21DEC0E946}.Release|Any CPU.ActiveCfg = Release|Any CPU
		{444140F1-DDEF-46D8-895B-7C21DEC0E946}.Release|Any CPU.Build.0 = Release|Any CPU
		{444140F1-DDEF-46D8-895B-7C21DEC0E946}.Tool|Any CPU.ActiveCfg = Nuget|Any CPU
		{444140F1-DDEF-46D8-895B-7C21DEC0E946}.Tool|Any CPU.Build.0 = Nuget|Any CPU
		{ED2D02D6-541B-4D7D-863B-C9E624D9D652}.Debug|Any CPU.ActiveCfg = Debug|Any CPU
		{ED2D02D6-541B-4D7D-863B-C9E624D9D652}.Debug|Any CPU.Build.0 = Debug|Any CPU
		{ED2D02D6-541B-4D7D-863B-C9E624D9D652}.Release|Any CPU.ActiveCfg = Release|Any CPU
		{ED2D02D6-541B-4D7D-863B-C9E624D9D652}.Release|Any CPU.Build.0 = Release|Any CPU
		{ED2D02D6-541B-4D7D-863B-C9E624D9D652}.Tool|Any CPU.ActiveCfg = Nuget|Any CPU
		{ED2D02D6-541B-4D7D-863B-C9E624D9D652}.Tool|Any CPU.Build.0 = Nuget|Any CPU
		{0247FB40-D417-4D35-9507-E1541D51522B}.Debug|Any CPU.ActiveCfg = Debug|Any CPU
		{0247FB40-D417-4D35-9507-E1541D51522B}.Debug|Any CPU.Build.0 = Debug|Any CPU
		{0247FB40-D417-4D35-9507-E1541D51522B}.Release|Any CPU.ActiveCfg = Release|Any CPU
		{0247FB40-D417-4D35-9507-E1541D51522B}.Release|Any CPU.Build.0 = Release|Any CPU
		{0247FB40-D417-4D35-9507-E1541D51522B}.Tool|Any CPU.ActiveCfg = Nuget|Any CPU
		{0247FB40-D417-4D35-9507-E1541D51522B}.Tool|Any CPU.Build.0 = Nuget|Any CPU
		{1CF091CD-AC11-405F-92D5-CA153CAC4658}.Debug|Any CPU.ActiveCfg = Debug|Any CPU
		{1CF091CD-AC11-405F-92D5-CA153CAC4658}.Debug|Any CPU.Build.0 = Debug|Any CPU
		{1CF091CD-AC11-405F-92D5-CA153CAC4658}.Release|Any CPU.ActiveCfg = Release|Any CPU
		{1CF091CD-AC11-405F-92D5-CA153CAC4658}.Release|Any CPU.Build.0 = Release|Any CPU
		{1CF091CD-AC11-405F-92D5-CA153CAC4658}.Tool|Any CPU.ActiveCfg = Nuget|Any CPU
		{1CF091CD-AC11-405F-92D5-CA153CAC4658}.Tool|Any CPU.Build.0 = Nuget|Any CPU
		{A6919FD7-65B9-48E2-BF29-C6942A0DDA3A}.Debug|Any CPU.ActiveCfg = Debug|Any CPU
		{A6919FD7-65B9-48E2-BF29-C6942A0DDA3A}.Debug|Any CPU.Build.0 = Debug|Any CPU
		{A6919FD7-65B9-48E2-BF29-C6942A0DDA3A}.Release|Any CPU.ActiveCfg = Release|Any CPU
		{A6919FD7-65B9-48E2-BF29-C6942A0DDA3A}.Release|Any CPU.Build.0 = Release|Any CPU
		{A6919FD7-65B9-48E2-BF29-C6942A0DDA3A}.Tool|Any CPU.ActiveCfg = Nuget|Any CPU
		{A6919FD7-65B9-48E2-BF29-C6942A0DDA3A}.Tool|Any CPU.Build.0 = Nuget|Any CPU
	EndGlobalSection
	GlobalSection(SolutionProperties) = preSolution
		HideSolutionNode = FALSE
	EndGlobalSection
	GlobalSection(ExtensibilityGlobals) = postSolution
		SolutionGuid = {CCA67754-334B-4BC0-9477-BE16450CE154}
	EndGlobalSection
EndGlobal
